
Microsoft Visual Studio Solution File, Format Version 12.00
# Visual Studio Version 17
VisualStudioVersion = 17.6.33829.357
MinimumVisualStudioVersion = 10.0.40219.1
Project("{FAE04EC0-301F-11D3-BF4B-00C04F79EFBC}") = "MediaWIiR-APP", "MediaWIiR-APP.csproj", "{8BD07B03-2E9B-437D-814A-4CB023A4D00B}"
EndProject
Global
	GlobalSection(SolutionConfigurationPlatforms) = preSolution
		Debug|Any CPU = Debug|Any CPU
		Release|Any CPU = Release|Any CPU
	EndGlobalSection
	GlobalSection(ProjectConfigurationPlatforms) = postSolution
		{8BD07B03-2E9B-437D-814A-4CB023A4D00B}.Debug|Any CPU.ActiveCfg = Debug|Any CPU
		{8BD07B03-2E9B-437D-814A-4CB023A4D00B}.Debug|Any CPU.Build.0 = Debug|Any CPU
		{8BD07B03-2E9B-437D-814A-4CB023A4D00B}.Release|Any CPU.ActiveCfg = Release|Any CPU
		{8BD07B03-2E9B-437D-814A-4CB023A4D00B}.Release|Any CPU.Build.0 = Release|Any CPU
	EndGlobalSection
	GlobalSection(SolutionProperties) = preSolution
		HideSolutionNode = FALSE
	EndGlobalSection
	GlobalSection(ExtensibilityGlobals) = postSolution
		SolutionGuid = {F73436EF-9BAB-434B-A975-1712FF23560C}
	EndGlobalSection
EndGlobal
